
Microsoft Visual Studio Solution File, Format Version 12.00
# Visual Studio Version 17
VisualStudioVersion = 17.13.35919.96 d17.13
MinimumVisualStudioVersion = 10.0.40219.1
Project("{FAE04EC0-301F-11D3-BF4B-00C04F79EFBC}") = "SuiBot-TwitchSocket", "SuiBot-TwitchSocket.csproj", "{F5FA8317-F05A-C9BB-71C6-8F8D6D7D1478}"
EndProject
Global
	GlobalSection(SolutionConfigurationPlatforms) = preSolution
		Debug|Any CPU = Debug|Any CPU
		Release|Any CPU = Release|Any CPU
	EndGlobalSection
	GlobalSection(ProjectConfigurationPlatforms) = postSolution
		{F5FA8317-F05A-C9BB-71C6-8F8D6D7D1478}.Debug|Any CPU.ActiveCfg = Debug|Any CPU
		{F5FA8317-F05A-C9BB-71C6-8F8D6D7D1478}.Debug|Any CPU.Build.0 = Debug|Any CPU
		{F5FA8317-F05A-C9BB-71C6-8F8D6D7D1478}.Release|Any CPU.ActiveCfg = Release|Any CPU
		{F5FA8317-F05A-C9BB-71C6-8F8D6D7D1478}.Release|Any CPU.Build.0 = Release|Any CPU
	EndGlobalSection
	GlobalSection(SolutionProperties) = preSolution
		HideSolutionNode = FALSE
	EndGlobalSection
	GlobalSection(ExtensibilityGlobals) = postSolution
		SolutionGuid = {29DB8DB7-3ABC-4732-98CA-EBD949E4C787}
	EndGlobalSection
EndGlobal
